
Microsoft Visual Studio Solution File, Format Version 12.00
# Visual Studio Version 17
VisualStudioVersion = 17.4.33213.308
MinimumVisualStudioVersion = 10.0.40219.1
Project("{9A19103F-16F7-4668-BE54-9A1E7A4F7556}") = "Localization", "ErenyLocalization\Localization.csproj", "{E7CD9000-C302-409C-9B57-6D395194D77A}"
EndProject
Global
	GlobalSection(SolutionConfigurationPlatforms) = preSolution
		Debug|Any CPU = Debug|Any CPU
		Release|Any CPU = Release|Any CPU
	EndGlobalSection
	GlobalSection(ProjectConfigurationPlatforms) = postSolution
		{E7CD9000-C302-409C-9B57-6D395194D77A}.Debug|Any CPU.ActiveCfg = Debug|Any CPU
		{E7CD9000-C302-409C-9B57-6D395194D77A}.Debug|Any CPU.Build.0 = Debug|Any CPU
		{E7CD9000-C302-409C-9B57-6D395194D77A}.Release|Any CPU.ActiveCfg = Release|Any CPU
		{E7CD9000-C302-409C-9B57-6D395194D77A}.Release|Any CPU.Build.0 = Release|Any CPU
	EndGlobalSection
	GlobalSection(SolutionProperties) = preSolution
		HideSolutionNode = FALSE
	EndGlobalSection
	GlobalSection(ExtensibilityGlobals) = postSolution
		SolutionGuid = {C24B8C2A-7123-483E-81ED-E5D57281FAFA}
	EndGlobalSection
EndGlobal
